
Microsoft Visual Studio Solution File, Format Version 12.00
# Visual Studio Version 17
VisualStudioVersion = 17.6.33815.320
MinimumVisualStudioVersion = 10.0.40219.1
Project("{9A19103F-16F7-4668-BE54-9A1E7A4F7556}") = "OutlookEmailRules.Core", "OutlookEmailRules.Core\OutlookEmailRules.Core.csproj", "{39EAE5B2-3910-4A66-AF4A-CCE812796249}"
EndProject
Project("{9A19103F-16F7-4668-BE54-9A1E7A4F7556}") = "OutlookEmailRules.Tests", "OutlookEmailRules.Tests\OutlookEmailRules.Tests.csproj", "{24B3CA1D-EB81-49AE-8E31-3A88B22AAF34}"
EndProject
Project("{9A19103F-16F7-4668-BE54-9A1E7A4F7556}") = "OutlookEmailRules.Console", "OutlookEmailRules.Console\OutlookEmailRules.Console.csproj", "{A0B67E37-A24F-4766-B6B7-D14AEB26683F}"
EndProject
Global
	GlobalSection(SolutionConfigurationPlatforms) = preSolution
		Debug|Any CPU = Debug|Any CPU
		Release|Any CPU = Release|Any CPU
	EndGlobalSection
	GlobalSection(ProjectConfigurationPlatforms) = postSolution
		{39EAE5B2-3910-4A66-AF4A-CCE812796249}.Debug|Any CPU.ActiveCfg = Debug|Any CPU
		{39EAE5B2-3910-4A66-AF4A-CCE812796249}.Debug|Any CPU.Build.0 = Debug|Any CPU
		{39EAE5B2-3910-4A66-AF4A-CCE812796249}.Release|Any CPU.ActiveCfg = Release|Any CPU
		{39EAE5B2-3910-4A66-AF4A-CCE812796249}.Release|Any CPU.Build.0 = Release|Any CPU
		{24B3CA1D-EB81-49AE-8E31-3A88B22AAF34}.Debug|Any CPU.ActiveCfg = Debug|Any CPU
		{24B3CA1D-EB81-49AE-8E31-3A88B22AAF34}.Debug|Any CPU.Build.0 = Debug|Any CPU
		{24B3CA1D-EB81-49AE-8E31-3A88B22AAF34}.Release|Any CPU.ActiveCfg = Release|Any CPU
		{24B3CA1D-EB81-49AE-8E31-3A88B22AAF34}.Release|Any CPU.Build.0 = Release|Any CPU
		{A0B67E37-A24F-4766-B6B7-D14AEB26683F}.Debug|Any CPU.ActiveCfg = Debug|Any CPU
		{A0B67E37-A24F-4766-B6B7-D14AEB26683F}.Debug|Any CPU.Build.0 = Debug|Any CPU
		{A0B67E37-A24F-4766-B6B7-D14AEB26683F}.Release|Any CPU.ActiveCfg = Release|Any CPU
		{A0B67E37-A24F-4766-B6B7-D14AEB26683F}.Release|Any CPU.Build.0 = Release|Any CPU
	EndGlobalSection
	GlobalSection(SolutionProperties) = preSolution
		HideSolutionNode = FALSE
	EndGlobalSection
	GlobalSection(ExtensibilityGlobals) = postSolution
		SolutionGuid = {19849D00-570A-4EF2-8F22-8E4DF28990A2}
	EndGlobalSection
EndGlobal
